{
  "name": "fooddelivery",
  "lockfileVersion": 3,
  "requires": true,
  "packages": {
    "": {
      "dependencies": {
        "@neon/config": "^1.8.6"
      }
    },
    "node_modules/@neon/config": {
      "version": "1.8.6",
      "resolved": "https://registry.npmjs.org/@neon/config/-/config-1.8.6.tgz",
      "integrity": "sha512-+D13lQmo94qfFUXEjcrSrbn51dLZf4DDEHqdZEO22bvEgQNXQjIsBMJkxvqIWEPPWCt5BZ4hm/CQdS1FG7EZBg==",
      "license": "Apache-2.0",
      "dependencies": {
        "@neon/sdk": "7.0.1",
        "jiti": "^2.7.0",
        "zod": "^4.4.3"
      },
      "engines": {
        "node": ">=20.19.0"
      }
    },
    "node_modules/@neon/sdk": {
      "version": "7.0.1",
      "resolved": "https://registry.npmjs.org/@neon/sdk/-/sdk-7.0.1.tgz",
      "integrity": "sha512-Zyo84tVyK3cO/vkREgFSPZ0llGoWNgcbbz38/UkqyqKN/Ky6huHibTCyvnlnBV1aeWnJhEhg9W0HIylE6sCS0g==",
      "license": "Apache-2.0",
      "engines": {
        "node": ">=20.19.0"
      }
    },
    "node_modules/jiti": {
      "version": "2.7.0",
      "resolved": "https://registry.npmjs.org/jiti/-/jiti-2.7.0.tgz",
      "integrity": "sha512-AC/7JofJvZGrrneWNaEnJeOLUx+JlGt7tNa0wZiRPT4MY1wmfKjt2+6O2p2uz2+skll8OZZmJMNqeke7kKbNgQ==",
      "license": "MIT",
      "bin": {
        "jiti": "lib/jiti-cli.mjs"
      }
    },
    "node_modules/zod": {
      "version": "4.6.5",
      "resolved": "https://registry.npmjs.org/zod/-/zod-4.6.5.tgz",
      "integrity": "sha512-v5l/aFXZQeai4awLbOpSoHecE9UiMrnfx75tEXLjNonXVARxQ5mOeipTjROUchszUNCqnE+hqAMujRsRHsut2Q==",
      "license": "MIT",
      "funding": {
        "url": "https://github.com/sponsors/colinhacks"
      }
    }
  }
}
